
Microsoft Visual Studio Solution File, Format Version 12.00
# Visual Studio 15
VisualStudioVersion = 15.0.28307.329
MinimumVisualStudioVersion = 10.0.40219.1
Project("{FAE04EC0-301F-11D3-BF4B-00C04F79EFBC}") = "ContainervervoerCasus", "ContainervervoerCasus\ContainervervoerCasus.csproj", "{59C4F506-E546-4844-89E6-C245B0D91904}"
EndProject
Project("{FAE04EC0-301F-11D3-BF4B-00C04F79EFBC}") = "ContainerTests", "ContainerTests\ContainerTests.csproj", "{326410AC-EF1D-4F27-977F-437BBE9C22A9}"
EndProject
Global
	GlobalSection(SolutionConfigurationPlatforms) = preSolution
		Debug|Any CPU = Debug|Any CPU
		Release|Any CPU = Release|Any CPU
	EndGlobalSection
	GlobalSection(ProjectConfigurationPlatforms) = postSolution
		{59C4F506-E546-4844-89E6-C245B0D91904}.Debug|Any CPU.ActiveCfg = Debug|Any CPU
		{59C4F506-E546-4844-89E6-C245B0D91904}.Debug|Any CPU.Build.0 = Debug|Any CPU
		{59C4F506-E546-4844-89E6-C245B0D91904}.Release|Any CPU.ActiveCfg = Release|Any CPU
		{59C4F506-E546-4844-89E6-C245B0D91904}.Release|Any CPU.Build.0 = Release|Any CPU
		{326410AC-EF1D-4F27-977F-437BBE9C22A9}.Debug|Any CPU.ActiveCfg = Debug|Any CPU
		{326410AC-EF1D-4F27-977F-437BBE9C22A9}.Debug|Any CPU.Build.0 = Debug|Any CPU
		{326410AC-EF1D-4F27-977F-437BBE9C22A9}.Release|Any CPU.ActiveCfg = Release|Any CPU
		{326410AC-EF1D-4F27-977F-437BBE9C22A9}.Release|Any CPU.Build.0 = Release|Any CPU
	EndGlobalSection
	GlobalSection(SolutionProperties) = preSolution
		HideSolutionNode = FALSE
	EndGlobalSection
	GlobalSection(ExtensibilityGlobals) = postSolution
		SolutionGuid = {C666B937-7434-4167-96E0-2ECB75E936D9}
	EndGlobalSection
EndGlobal
